
Microsoft Visual Studio Solution File, Format Version 12.00
# Visual Studio Version 16
VisualStudioVersion = 16.0.29920.165
MinimumVisualStudioVersion = 10.0.40219.1
Project("{FAE04EC0-301F-11D3-BF4B-00C04F79EFBC}") = "Clases Instanciables", "Clases Instanciables\Clases Instanciables.csproj", "{8E752C54-9DE3-441B-8E50-B5AA4787F653}"
EndProject
Project("{FAE04EC0-301F-11D3-BF4B-00C04F79EFBC}") = "Clases Abstractas", "Clases Abstractas\Clases Abstractas.csproj", "{CAEDF338-2C89-4E0E-BCD0-BC4F448124F0}"
EndProject
Project("{FAE04EC0-301F-11D3-BF4B-00C04F79EFBC}") = "Excepciones", "Excepciones\Excepciones.csproj", "{8E3DCE45-5163-48C5-BF7B-495347855F85}"
EndProject
Project("{FAE04EC0-301F-11D3-BF4B-00C04F79EFBC}") = "Archivos", "Archivos\Archivos.csproj", "{7F3696E6-5BFB-424C-BFAE-58A374ECFF53}"
EndProject
Project("{FAE04EC0-301F-11D3-BF4B-00C04F79EFBC}") = "Main", "Main\Main.csproj", "{ACCA7650-7918-4F05-8868-3F164E1C913D}"
EndProject
Global
	GlobalSection(SolutionConfigurationPlatforms) = preSolution
		Debug|Any CPU = Debug|Any CPU
		Release|Any CPU = Release|Any CPU
	EndGlobalSection
	GlobalSection(ProjectConfigurationPlatforms) = postSolution
		{8E752C54-9DE3-441B-8E50-B5AA4787F653}.Debug|Any CPU.ActiveCfg = Debug|Any CPU
		{8E752C54-9DE3-441B-8E50-B5AA4787F653}.Debug|Any CPU.Build.0 = Debug|Any CPU
		{8E752C54-9DE3-441B-8E50-B5AA4787F653}.Release|Any CPU.ActiveCfg = Release|Any CPU
		{8E752C54-9DE3-441B-8E50-B5AA4787F653}.Release|Any CPU.Build.0 = Release|Any CPU
		{CAEDF338-2C89-4E0E-BCD0-BC4F448124F0}.Debug|Any CPU.ActiveCfg = Debug|Any CPU
		{CAEDF338-2C89-4E0E-BCD0-BC4F448124F0}.Debug|Any CPU.Build.0 = Debug|Any CPU
		{CAEDF338-2C89-4E0E-BCD0-BC4F448124F0}.Release|Any CPU.ActiveCfg = Release|Any CPU
		{CAEDF338-2C89-4E0E-BCD0-BC4F448124F0}.Release|Any CPU.Build.0 = Release|Any CPU
		{8E3DCE45-5163-48C5-BF7B-495347855F85}.Debug|Any CPU.ActiveCfg = Debug|Any CPU
		{8E3DCE45-5163-48C5-BF7B-495347855F85}.Debug|Any CPU.Build.0 = Debug|Any CPU
		{8E3DCE45-5163-48C5-BF7B-495347855F85}.Release|Any CPU.ActiveCfg = Release|Any CPU
		{8E3DCE45-5163-48C5-BF7B-495347855F85}.Release|Any CPU.Build.0 = Release|Any CPU
		{7F3696E6-5BFB-424C-BFAE-58A374ECFF53}.Debug|Any CPU.ActiveCfg = Debug|Any CPU
		{7F3696E6-5BFB-424C-BFAE-58A374ECFF53}.Debug|Any CPU.Build.0 = Debug|Any CPU
		{7F3696E6-5BFB-424C-BFAE-58A374ECFF53}.Release|Any CPU.ActiveCfg = Release|Any CPU
		{7F3696E6-5BFB-424C-BFAE-58A374ECFF53}.Release|Any CPU.Build.0 = Release|Any CPU
		{ACCA7650-7918-4F05-8868-3F164E1C913D}.Debug|Any CPU.ActiveCfg = Debug|Any CPU
		{ACCA7650-7918-4F05-8868-3F164E1C913D}.Debug|Any CPU.Build.0 = Debug|Any CPU
		{ACCA7650-7918-4F05-8868-3F164E1C913D}.Release|Any CPU.ActiveCfg = Release|Any CPU
		{ACCA7650-7918-4F05-8868-3F164E1C913D}.Release|Any CPU.Build.0 = Release|Any CPU
	EndGlobalSection
	GlobalSection(SolutionProperties) = preSolution
		HideSolutionNode = FALSE
	EndGlobalSection
	GlobalSection(ExtensibilityGlobals) = postSolution
		SolutionGuid = {3BD96EA1-86B0-4316-AEE6-BD47DF7559D4}
	EndGlobalSection
EndGlobal
