
Microsoft Visual Studio Solution File, Format Version 12.00
# Visual Studio Version 16
VisualStudioVersion = 16.0.29920.165
MinimumVisualStudioVersion = 10.0.40219.1
Project("{FAE04EC0-301F-11D3-BF4B-00C04F79EFBC}") = "Entidades", "Entidades\Entidades.csproj", "{731A64F7-002B-4D4D-BA3F-54876586DBF6}"
EndProject
Project("{FAE04EC0-301F-11D3-BF4B-00C04F79EFBC}") = "MiCalculadora", "MiCalculadora\MiCalculadora.csproj", "{A21127D9-545B-4B91-AF9D-4D72141D49F7}"
EndProject
Global
	GlobalSection(SolutionConfigurationPlatforms) = preSolution
		Debug|Any CPU = Debug|Any CPU
		Release|Any CPU = Release|Any CPU
	EndGlobalSection
	GlobalSection(ProjectConfigurationPlatforms) = postSolution
		{731A64F7-002B-4D4D-BA3F-54876586DBF6}.Debug|Any CPU.ActiveCfg = Debug|Any CPU
		{731A64F7-002B-4D4D-BA3F-54876586DBF6}.Debug|Any CPU.Build.0 = Debug|Any CPU
		{731A64F7-002B-4D4D-BA3F-54876586DBF6}.Release|Any CPU.ActiveCfg = Release|Any CPU
		{731A64F7-002B-4D4D-BA3F-54876586DBF6}.Release|Any CPU.Build.0 = Release|Any CPU
		{A21127D9-545B-4B91-AF9D-4D72141D49F7}.Debug|Any CPU.ActiveCfg = Debug|Any CPU
		{A21127D9-545B-4B91-AF9D-4D72141D49F7}.Debug|Any CPU.Build.0 = Debug|Any CPU
		{A21127D9-545B-4B91-AF9D-4D72141D49F7}.Release|Any CPU.ActiveCfg = Release|Any CPU
		{A21127D9-545B-4B91-AF9D-4D72141D49F7}.Release|Any CPU.Build.0 = Release|Any CPU
	EndGlobalSection
	GlobalSection(SolutionProperties) = preSolution
		HideSolutionNode = FALSE
	EndGlobalSection
	GlobalSection(ExtensibilityGlobals) = postSolution
		SolutionGuid = {CAC4882D-66F4-44F8-A0D5-758A74132448}
	EndGlobalSection
EndGlobal
